// !$*UTF8*$!
{
	archiveVersion = 1;
	classes = {
	};
	objectVersion = 46;
	objects = {

/* Begin PBXBuildFile section */
		85010AA215709F11004E0579 /* houdini_href_e.c in Sources */ = {isa = PBXBuildFile; fileRef = 85010A9315709F11004E0579 /* houdini_href_e.c */; };
		85010AA315709F11004E0579 /* houdini_html_e.c in Sources */ = {isa = PBXBuildFile; fileRef = 85010A9415709F11004E0579 /* houdini_html_e.c */; };
		85010AA415709F11004E0579 /* html.c in Sources */ = {isa = PBXBuildFile; fileRef = 85010A9515709F11004E0579 /* html.c */; };
		85010AA515709F11004E0579 /* html_smartypants.c in Sources */ = {isa = PBXBuildFile; fileRef = 85010A9715709F11004E0579 /* html_smartypants.c */; };
		85010AA615709F11004E0579 /* autolink.c in Sources */ = {isa = PBXBuildFile; fileRef = 85010A9915709F11004E0579 /* autolink.c */; };
		85010AA715709F11004E0579 /* buffer.c in Sources */ = {isa = PBXBuildFile; fileRef = 85010A9B15709F11004E0579 /* buffer.c */; };
		85010AA815709F11004E0579 /* markdown.c in Sources */ = {isa = PBXBuildFile; fileRef = 85010A9E15709F11004E0579 /* markdown.c */; };
		85010AA915709F11004E0579 /* stack.c in Sources */ = {isa = PBXBuildFile; fileRef = 85010AA015709F11004E0579 /* stack.c */; };
		85010BB11572B6DE004E0579 /* NSString+Sundown.m in Sources */ = {isa = PBXBuildFile; fileRef = 85010BB01572B6DD004E0579 /* NSString+Sundown.m */; };
		85010C2A1572C237004E0579 /* README.mkdn in Resources */ = {isa = PBXBuildFile; fileRef = 85010C1A1572C237004E0579 /* README.mkdn */; };
		85010C2B1572C237004E0579 /* WikiPlugin.m in Sources */ = {isa = PBXBuildFile; fileRef = 85010C1E1572C237004E0579 /* WikiPlugin.m */; };
		85010C2D1572C237004E0579 /* WikiPreviewWindowController.m in Sources */ = {isa = PBXBuildFile; fileRef = 85010C211572C237004E0579 /* WikiPreviewWindowController.m */; };
		852FDCC5157018EE00719570 /* WebKit.framework in Frameworks */ = {isa = PBXBuildFile; fileRef = 852FDCC4157018EE00719570 /* WebKit.framework */; };
		852FDCCE157035F700719570 /* Default.css in Resources */ = {isa = PBXBuildFile; fileRef = 852FDCCD157035F700719570 /* Default.css */; };
		85AF87F0156FED4F00B20241 /* Cocoa.framework in Frameworks */ = {isa = PBXBuildFile; fileRef = 85AF87EF156FED4F00B20241 /* Cocoa.framework */; };
		85AF884C156FEED800B20241 /* MarkdownPlugin.m in Sources */ = {isa = PBXBuildFile; fileRef = 85AF884B156FEED800B20241 /* MarkdownPlugin.m */; };
		85D467471572C6CF00D434BD /* WikiPreviewWindow.xib in Resources */ = {isa = PBXBuildFile; fileRef = 85010C1F1572C237004E0579 /* WikiPreviewWindow.xib */; };
/* End PBXBuildFile section */

/* Begin PBXFileReference section */
		85010A9215709F11004E0579 /* houdini.h */ = {isa = PBXFileReference; fileEncoding = 4; lastKnownFileType = sourcecode.c.h; path = houdini.h; sourceTree = "<group>"; };
		85010A9315709F11004E0579 /* houdini_href_e.c */ = {isa = PBXFileReference; fileEncoding = 4; lastKnownFileType = sourcecode.c.c; path = houdini_href_e.c; sourceTree = "<group>"; };
		85010A9415709F11004E0579 /* houdini_html_e.c */ = {isa = PBXFileReference; fileEncoding = 4; lastKnownFileType = sourcecode.c.c; path = houdini_html_e.c; sourceTree = "<group>"; };
		85010A9515709F11004E0579 /* html.c */ = {isa = PBXFileReference; fileEncoding = 4; lastKnownFileType = sourcecode.c.c; path = html.c; sourceTree = "<group>"; };
		85010A9615709F11004E0579 /* html.h */ = {isa = PBXFileReference; fileEncoding = 4; lastKnownFileType = sourcecode.c.h; path = html.h; sourceTree = "<group>"; };
		85010A9715709F11004E0579 /* html_smartypants.c */ = {isa = PBXFileReference; fileEncoding = 4; lastKnownFileType = sourcecode.c.c; path = html_smartypants.c; sourceTree = "<group>"; };
		85010A9915709F11004E0579 /* autolink.c */ = {isa = PBXFileReference; fileEncoding = 4; lastKnownFileType = sourcecode.c.c; path = autolink.c; sourceTree = "<group>"; };
		85010A9A15709F11004E0579 /* autolink.h */ = {isa = PBXFileReference; fileEncoding = 4; lastKnownFileType = sourcecode.c.h; path = autolink.h; sourceTree = "<group>"; };
		85010A9B15709F11004E0579 /* buffer.c */ = {isa = PBXFileReference; fileEncoding = 4; lastKnownFileType = sourcecode.c.c; path = buffer.c; sourceTree = "<group>"; };
		85010A9C15709F11004E0579 /* buffer.h */ = {isa = PBXFileReference; fileEncoding = 4; lastKnownFileType = sourcecode.c.h; path = buffer.h; sourceTree = "<group>"; };
		85010A9D15709F11004E0579 /* html_blocks.h */ = {isa = PBXFileReference; fileEncoding = 4; lastKnownFileType = sourcecode.c.h; path = html_blocks.h; sourceTree = "<group>"; };
		85010A9E15709F11004E0579 /* markdown.c */ = {isa = PBXFileReference; fileEncoding = 4; lastKnownFileType = sourcecode.c.c; path = markdown.c; sourceTree = "<group>"; };
		85010A9F15709F11004E0579 /* markdown.h */ = {isa = PBXFileReference; fileEncoding = 4; lastKnownFileType = sourcecode.c.h; path = markdown.h; sourceTree = "<group>"; };
		85010AA015709F11004E0579 /* stack.c */ = {isa = PBXFileReference; fileEncoding = 4; lastKnownFileType = sourcecode.c.c; path = stack.c; sourceTree = "<group>"; };
		85010AA115709F11004E0579 /* stack.h */ = {isa = PBXFileReference; fileEncoding = 4; lastKnownFileType = sourcecode.c.h; path = stack.h; sourceTree = "<group>"; };
		85010BAF1572B6DD004E0579 /* NSString+Sundown.h */ = {isa = PBXFileReference; fileEncoding = 4; lastKnownFileType = sourcecode.c.h; path = "NSString+Sundown.h"; sourceTree = "<group>"; };
		85010BB01572B6DD004E0579 /* NSString+Sundown.m */ = {isa = PBXFileReference; fileEncoding = 4; lastKnownFileType = sourcecode.c.objc; path = "NSString+Sundown.m"; sourceTree = "<group>"; };
		85010C121572C237004E0579 /* Bundle-Debug.xcconfig */ = {isa = PBXFileReference; fileEncoding = 4; lastKnownFileType = text.xcconfig; path = "Bundle-Debug.xcconfig"; sourceTree = "<group>"; };
		85010C131572C237004E0579 /* Bundle-Release.xcconfig */ = {isa = PBXFileReference; fileEncoding = 4; lastKnownFileType = text.xcconfig; path = "Bundle-Release.xcconfig"; sourceTree = "<group>"; };
		85010C141572C237004E0579 /* Bundle.xcconfig */ = {isa = PBXFileReference; fileEncoding = 4; lastKnownFileType = text.xcconfig; path = Bundle.xcconfig; sourceTree = "<group>"; };
		85010C151572C237004E0579 /* Project-Debug.xcconfig */ = {isa = PBXFileReference; fileEncoding = 4; lastKnownFileType = text.xcconfig; path = "Project-Debug.xcconfig"; sourceTree = "<group>"; };
		85010C161572C237004E0579 /* Project-Release.xcconfig */ = {isa = PBXFileReference; fileEncoding = 4; lastKnownFileType = text.xcconfig; path = "Project-Release.xcconfig"; sourceTree = "<group>"; };
		85010C171572C237004E0579 /* Project.xcconfig */ = {isa = PBXFileReference; fileEncoding = 4; lastKnownFileType = text.xcconfig; path = Project.xcconfig; sourceTree = "<group>"; };
		85010C1A1572C237004E0579 /* README.mkdn */ = {isa = PBXFileReference; fileEncoding = 4; lastKnownFileType = text; path = README.mkdn; sourceTree = "<group>"; };
		85010C1C1572C237004E0579 /* CodaPlugInsController.h */ = {isa = PBXFileReference; fileEncoding = 4; lastKnownFileType = sourcecode.c.h; path = CodaPlugInsController.h; sourceTree = "<group>"; };
		85010C1D1572C237004E0579 /* WikiPlugin.h */ = {isa = PBXFileReference; fileEncoding = 4; lastKnownFileType = sourcecode.c.h; path = WikiPlugin.h; sourceTree = "<group>"; };
		85010C1E1572C237004E0579 /* WikiPlugin.m */ = {isa = PBXFileReference; fileEncoding = 4; lastKnownFileType = sourcecode.c.objc; path = WikiPlugin.m; sourceTree = "<group>"; };
		85010C1F1572C237004E0579 /* WikiPreviewWindow.xib */ = {isa = PBXFileReference; fileEncoding = 4; lastKnownFileType = file.xib; path = WikiPreviewWindow.xib; sourceTree = "<group>"; };
		85010C201572C237004E0579 /* WikiPreviewWindowController.h */ = {isa = PBXFileReference; fileEncoding = 4; lastKnownFileType = sourcecode.c.h; path = WikiPreviewWindowController.h; sourceTree = "<group>"; };
		85010C211572C237004E0579 /* WikiPreviewWindowController.m */ = {isa = PBXFileReference; fileEncoding = 4; lastKnownFileType = sourcecode.c.objc; path = WikiPreviewWindowController.m; sourceTree = "<group>"; };
		852FDCC4157018EE00719570 /* WebKit.framework */ = {isa = PBXFileReference; lastKnownFileType = wrapper.framework; name = WebKit.framework; path = System/Library/Frameworks/WebKit.framework; sourceTree = SDKROOT; };
		852FDCCD157035F700719570 /* Default.css */ = {isa = PBXFileReference; fileEncoding = 4; lastKnownFileType = text.css; path = Default.css; sourceTree = "<group>"; };
		85AF87EC156FED4F00B20241 /* Markdown.codaplugin */ = {isa = PBXFileReference; explicitFileType = wrapper.cfbundle; includeInIndex = 0; path = Markdown.codaplugin; sourceTree = BUILT_PRODUCTS_DIR; };
		85AF87EF156FED4F00B20241 /* Cocoa.framework */ = {isa = PBXFileReference; lastKnownFileType = wrapper.framework; name = Cocoa.framework; path = System/Library/Frameworks/Cocoa.framework; sourceTree = SDKROOT; };
		85AF87F4156FED4F00B20241 /* Foundation.framework */ = {isa = PBXFileReference; lastKnownFileType = wrapper.framework; name = Foundation.framework; path = System/Library/Frameworks/Foundation.framework; sourceTree = SDKROOT; };
		85AF87F7156FED4F00B20241 /* Markdown-Info.plist */ = {isa = PBXFileReference; lastKnownFileType = text.plist.xml; path = "Markdown-Info.plist"; sourceTree = "<group>"; };
		85AF87FB156FED4F00B20241 /* Markdown-Prefix.pch */ = {isa = PBXFileReference; lastKnownFileType = sourcecode.c.h; path = "Markdown-Prefix.pch"; sourceTree = "<group>"; };
		85AF884A156FEED800B20241 /* MarkdownPlugin.h */ = {isa = PBXFileReference; fileEncoding = 4; lastKnownFileType = sourcecode.c.h; path = MarkdownPlugin.h; sourceTree = "<group>"; };
		85AF884B156FEED800B20241 /* MarkdownPlugin.m */ = {isa = PBXFileReference; fileEncoding = 4; lastKnownFileType = sourcecode.c.objc; path = MarkdownPlugin.m; sourceTree = "<group>"; };
/* End PBXFileReference section */

/* Begin PBXFrameworksBuildPhase section */
		85AF87E9156FED4E00B20241 /* Frameworks */ = {
			isa = PBXFrameworksBuildPhase;
			buildActionMask = 2147483647;
			files = (
				852FDCC5157018EE00719570 /* WebKit.framework in Frameworks */,
				85AF87F0156FED4F00B20241 /* Cocoa.framework in Frameworks */,
			);
			runOnlyForDeploymentPostprocessing = 0;
		};
/* End PBXFrameworksBuildPhase section */

/* Begin PBXGroup section */
		85010A9015709F11004E0579 /* Sundown */ = {
			isa = PBXGroup;
			children = (
				85010A9115709F11004E0579 /* html */,
				85010A9815709F11004E0579 /* src */,
				85010BAF1572B6DD004E0579 /* NSString+Sundown.h */,
				85010BB01572B6DD004E0579 /* NSString+Sundown.m */,
			);
			path = Sundown;
			sourceTree = "<group>";
		};
		85010A9115709F11004E0579 /* html */ = {
			isa = PBXGroup;
			children = (
				85010A9215709F11004E0579 /* houdini.h */,
				85010A9315709F11004E0579 /* houdini_href_e.c */,
				85010A9415709F11004E0579 /* houdini_html_e.c */,
				85010A9515709F11004E0579 /* html.c */,
				85010A9615709F11004E0579 /* html.h */,
				85010A9715709F11004E0579 /* html_smartypants.c */,
			);
			path = html;
			sourceTree = "<group>";
		};
		85010A9815709F11004E0579 /* src */ = {
			isa = PBXGroup;
			children = (
				85010A9915709F11004E0579 /* autolink.c */,
				85010A9A15709F11004E0579 /* autolink.h */,
				85010A9B15709F11004E0579 /* buffer.c */,
				85010A9C15709F11004E0579 /* buffer.h */,
				85010A9D15709F11004E0579 /* html_blocks.h */,
				85010A9E15709F11004E0579 /* markdown.c */,
				85010A9F15709F11004E0579 /* markdown.h */,
				85010AA015709F11004E0579 /* stack.c */,
				85010AA115709F11004E0579 /* stack.h */,
			);
			path = src;
			sourceTree = "<group>";
		};
		85010C0F1572C237004E0579 /* Shared */ = {
			isa = PBXGroup;
			children = (
				85010C111572C237004E0579 /* Configurations */,
				85010C1A1572C237004E0579 /* README.mkdn */,
				85010C1B1572C237004E0579 /* Sources */,
			);
			path = Shared;
			sourceTree = "<group>";
		};
		85010C111572C237004E0579 /* Configurations */ = {
			isa = PBXGroup;
			children = (
				85010C121572C237004E0579 /* Bundle-Debug.xcconfig */,
				85010C131572C237004E0579 /* Bundle-Release.xcconfig */,
				85010C141572C237004E0579 /* Bundle.xcconfig */,
				85010C151572C237004E0579 /* Project-Debug.xcconfig */,
				85010C161572C237004E0579 /* Project-Release.xcconfig */,
				85010C171572C237004E0579 /* Project.xcconfig */,
			);
			path = Configurations;
			sourceTree = "<group>";
		};
		85010C1B1572C237004E0579 /* Sources */ = {
			isa = PBXGroup;
			children = (
				85010C1C1572C237004E0579 /* CodaPlugInsController.h */,
				85010C1D1572C237004E0579 /* WikiPlugin.h */,
				85010C1E1572C237004E0579 /* WikiPlugin.m */,
				85010C1F1572C237004E0579 /* WikiPreviewWindow.xib */,
				85010C201572C237004E0579 /* WikiPreviewWindowController.h */,
				85010C211572C237004E0579 /* WikiPreviewWindowController.m */,
			);
			path = Sources;
			sourceTree = "<group>";
		};
		85AF87E1156FED4E00B20241 = {
			isa = PBXGroup;
			children = (
				85010C0F1572C237004E0579 /* Shared */,
				85AF87F5156FED4F00B20241 /* Markdown */,
				85AF87EE156FED4F00B20241 /* Frameworks */,
				85AF87ED156FED4F00B20241 /* Products */,
			);
			sourceTree = "<group>";
		};
		85AF87ED156FED4F00B20241 /* Products */ = {
			isa = PBXGroup;
			children = (
				85AF87EC156FED4F00B20241 /* Markdown.codaplugin */,
			);
			name = Products;
			sourceTree = "<group>";
		};
		85AF87EE156FED4F00B20241 /* Frameworks */ = {
			isa = PBXGroup;
			children = (
				85AF87F1156FED4F00B20241 /* Other Frameworks */,
			);
			name = Frameworks;
			sourceTree = "<group>";
		};
		85AF87F1156FED4F00B20241 /* Other Frameworks */ = {
			isa = PBXGroup;
			children = (
				85AF87EF156FED4F00B20241 /* Cocoa.framework */,
				852FDCC4157018EE00719570 /* WebKit.framework */,
				85AF87F4156FED4F00B20241 /* Foundation.framework */,
			);
			name = "Other Frameworks";
			sourceTree = "<group>";
		};
		85AF87F5156FED4F00B20241 /* Markdown */ = {
			isa = PBXGroup;
			children = (
				85010A9015709F11004E0579 /* Sundown */,
				85AF87F6156FED4F00B20241 /* Supporting Files */,
				85AF884A156FEED800B20241 /* MarkdownPlugin.h */,
				85AF884B156FEED800B20241 /* MarkdownPlugin.m */,
			);
			path = Markdown;
			sourceTree = "<group>";
		};
		85AF87F6156FED4F00B20241 /* Supporting Files */ = {
			isa = PBXGroup;
			children = (
				852FDCCD157035F700719570 /* Default.css */,
				85AF87F7156FED4F00B20241 /* Markdown-Info.plist */,
				85AF87FB156FED4F00B20241 /* Markdown-Prefix.pch */,
			);
			name = "Supporting Files";
			sourceTree = "<group>";
		};
/* End PBXGroup section */

/* Begin PBXNativeTarget section */
		85AF87EB156FED4E00B20241 /* Markdown */ = {
			isa = PBXNativeTarget;
			buildConfigurationList = 85AF87FE156FED4F00B20241 /* Build configuration list for PBXNativeTarget "Markdown" */;
			buildPhases = (
				85AF87E8156FED4E00B20241 /* Sources */,
				85AF87E9156FED4E00B20241 /* Frameworks */,
				85AF87EA156FED4E00B20241 /* Resources */,
				85AF88721570063D00B20241 /* ShellScript */,
			);
			buildRules = (
			);
			dependencies = (
			);
			name = Markdown;
			productName = Markdown;
			productReference = 85AF87EC156FED4F00B20241 /* Markdown.codaplugin */;
			productType = "com.apple.product-type.bundle";
		};
/* End PBXNativeTarget section */

/* Begin PBXProject section */
		85AF87E3156FED4E00B20241 /* Project object */ = {
			isa = PBXProject;
			attributes = {
				LastUpgradeCheck = 0450;
				ORGANIZATIONNAME = "LittleApps Inc.";
			};
			buildConfigurationList = 85AF87E6156FED4E00B20241 /* Build configuration list for PBXProject "Markdown" */;
			compatibilityVersion = "Xcode 3.2";
			developmentRegion = English;
			hasScannedForEncodings = 0;
			knownRegions = (
				en,
			);
			mainGroup = 85AF87E1156FED4E00B20241;
			productRefGroup = 85AF87ED156FED4F00B20241 /* Products */;
			projectDirPath = "";
			projectRoot = "";
			targets = (
				85AF87EB156FED4E00B20241 /* Markdown */,
			);
		};
/* End PBXProject section */

/* Begin PBXResourcesBuildPhase section */
		85AF87EA156FED4E00B20241 /* Resources */ = {
			isa = PBXResourcesBuildPhase;
			buildActionMask = 2147483647;
			files = (
				85D467471572C6CF00D434BD /* WikiPreviewWindow.xib in Resources */,
				852FDCCE157035F700719570 /* Default.css in Resources */,
				85010C2A1572C237004E0579 /* README.mkdn in Resources */,
			);
			runOnlyForDeploymentPostprocessing = 0;
		};
/* End PBXResourcesBuildPhase section */

/* Begin PBXShellScriptBuildPhase section */
		85AF88721570063D00B20241 /* ShellScript */ = {
			isa = PBXShellScriptBuildPhase;
			buildActionMask = 2147483647;
			files = (
			);
			inputPaths = (
			);
			outputPaths = (
			);
			runOnlyForDeploymentPostprocessing = 0;
			shellPath = /bin/bash;
			shellScript = "printenv > ~/env.txt\n\nif [ $INSTALL_BUNDLE == 1 ]; then\nDEST=\"$USER_LIBRARY_DIR/Application Support/Coda 2/Plug-ins/$FULL_PRODUCT_NAME\"\nORG=\"$TARGET_BUILD_DIR/$FULL_PRODUCT_NAME\"\nrm -rf \"$DEST\"\nmv \"$ORG\" \"$DEST\"\nfi\n";
		};
/* End PBXShellScriptBuildPhase section */

/* Begin PBXSourcesBuildPhase section */
		85AF87E8156FED4E00B20241 /* Sources */ = {
			isa = PBXSourcesBuildPhase;
			buildActionMask = 2147483647;
			files = (
				85AF884C156FEED800B20241 /* MarkdownPlugin.m in Sources */,
				85010AA215709F11004E0579 /* houdini_href_e.c in Sources */,
				85010AA315709F11004E0579 /* houdini_html_e.c in Sources */,
				85010AA415709F11004E0579 /* html.c in Sources */,
				85010AA515709F11004E0579 /* html_smartypants.c in Sources */,
				85010AA615709F11004E0579 /* autolink.c in Sources */,
				85010AA715709F11004E0579 /* buffer.c in Sources */,
				85010AA815709F11004E0579 /* markdown.c in Sources */,
				85010AA915709F11004E0579 /* stack.c in Sources */,
				85010BB11572B6DE004E0579 /* NSString+Sundown.m in Sources */,
				85010C2B1572C237004E0579 /* WikiPlugin.m in Sources */,
				85010C2D1572C237004E0579 /* WikiPreviewWindowController.m in Sources */,
			);
			runOnlyForDeploymentPostprocessing = 0;
		};
/* End PBXSourcesBuildPhase section */

/* Begin XCBuildConfiguration section */
		85AF87FC156FED4F00B20241 /* Debug */ = {
			isa = XCBuildConfiguration;
			baseConfigurationReference = 85010C151572C237004E0579 /* Project-Debug.xcconfig */;
			buildSettings = {
			};
			name = Debug;
		};
		85AF87FD156FED4F00B20241 /* Release */ = {
			isa = XCBuildConfiguration;
			baseConfigurationReference = 85010C161572C237004E0579 /* Project-Release.xcconfig */;
			buildSettings = {
			};
			name = Release;
		};
		85AF87FF156FED4F00B20241 /* Debug */ = {
			isa = XCBuildConfiguration;
			baseConfigurationReference = 85010C121572C237004E0579 /* Bundle-Debug.xcconfig */;
			buildSettings = {
				COMBINE_HIDPI_IMAGES = YES;
			};
			name = Debug;
		};
		85AF8800156FED4F00B20241 /* Release */ = {
			isa = XCBuildConfiguration;
			baseConfigurationReference = 85010C131572C237004E0579 /* Bundle-Release.xcconfig */;
			buildSettings = {
				COMBINE_HIDPI_IMAGES = YES;
			};
			name = Release;
		};
/* End XCBuildConfiguration section */

/* Begin XCConfigurationList section */
		85AF87E6156FED4E00B20241 /* Build configuration list for PBXProject "Markdown" */ = {
			isa = XCConfigurationList;
			buildConfigurations = (
				85AF87FC156FED4F00B20241 /* Debug */,
				85AF87FD156FED4F00B20241 /* Release */,
			);
			defaultConfigurationIsVisible = 0;
			defaultConfigurationName = Release;
		};
		85AF87FE156FED4F00B20241 /* Build configuration list for PBXNativeTarget "Markdown" */ = {
			isa = XCConfigurationList;
			buildConfigurations = (
				85AF87FF156FED4F00B20241 /* Debug */,
				85AF8800156FED4F00B20241 /* Release */,
			);
			defaultConfigurationIsVisible = 0;
			defaultConfigurationName = Release;
		};
/* End XCConfigurationList section */
	};
	rootObject = 85AF87E3156FED4E00B20241 /* Project object */;
}
